PODS:
  - Apollo (0.9.2):
    - Apollo/Core (= 0.9.2)
  - Apollo/Core (0.9.2)
  - AWSCognito (2.6.22):
    - AWSCore (= 2.6.22)
  - AWSCognitoIdentityProvider (2.6.22):
    - AWSCognitoIdentityProviderASF (= 1.0.1)
    - AWSCore (= 2.6.22)
  - AWSCognitoIdentityProviderASF (1.0.1)
  - AWSCore (2.6.22)

DEPENDENCIES:
  - Apollo
  - AWSCognito
  - AWSCognitoIdentityProvider

SPEC REPOS:
  https://github.com/CocoaPods/Specs.git:
    - Apollo
    - AWSCognito
    - AWSCognitoIdentityProvider
    - AWSCognitoIdentityProviderASF
    - AWSCore

SPEC CHECKSUMS:
  Apollo: 39d1adfceb6f262fc58286ec9425fd7c332877fb
  AWSCognito: e8d697e797166cb1b813d12c08765ff26daf19ac
  AWSCognitoIdentityProvider: f7d15744ca3d70270de05a212e501f29a4a06307
  AWSCognitoIdentityProviderASF: f94f1a502e72ef3d0a1de93e10bf7a79c8698118
  AWSCore: faae134779f0f6e46a8d426c0ccc02e34466b785

PODFILE CHECKSUM: e17207b7ce93ec6223e4e6fc03e69b8f01b1e75b

COCOAPODS: 1.5.0
