PODS:
  - AWSAppSync (2.6.17):
    - AWSCore (~> 2.6.6)
    - ReachabilitySwift (~> 4.0.0)
    - SQLite.swift (= 0.11.4)
  - AWSCognito (2.6.22):
    - AWSCore (= 2.6.22)
  - AWSCognitoIdentityProvider (2.6.22):
    - AWSCognitoIdentityProviderASF (= 1.0.1)
    - AWSCore (= 2.6.22)
  - AWSCognitoIdentityProviderASF (1.0.1)
  - AWSCore (2.6.22)
  - ReachabilitySwift (4.0.0)
  - SQLite.swift (0.11.4):
    - SQLite.swift/standard (= 0.11.4)
  - SQLite.swift/standard (0.11.4)
  - SwiftyJSON (4.1.0)

DEPENDENCIES:
  - AWSAppSync
  - AWSCognito
  - AWSCognitoIdentityProvider
  - SwiftyJSON

SPEC CHECKSUMS:
  AWSAppSync: f55e249d70e483863cd6582d8d9b148436dda364
  AWSCognito: e8d697e797166cb1b813d12c08765ff26daf19ac
  AWSCognitoIdentityProvider: f7d15744ca3d70270de05a212e501f29a4a06307
  AWSCognitoIdentityProviderASF: f94f1a502e72ef3d0a1de93e10bf7a79c8698118
  AWSCore: faae134779f0f6e46a8d426c0ccc02e34466b785
  ReachabilitySwift: e67b2cab4d5386053673d8a7421b5981e5f08259
  SQLite.swift: 3e3bee21da701b5b9f87c4a672cb54f233505692
  SwiftyJSON: c29297daf073d2aa016295d5809cdd68045c39b3

PODFILE CHECKSUM: 9bdbc7d63cb7c591dab4ef5f9ef4c5dcbf1d0ce2

COCOAPODS: 1.4.0
